
Microsoft Visual Studio Solution File, Format Version 12.00
# Visual Studio 15
VisualStudioVersion = 15.0.26124.0
MinimumVisualStudioVersion = 15.0.26124.0
Project("{FAE04EC0-301F-11D3-BF4B-00C04F79EFBC}") = "PaymentContext.Domain", "PaymentContext.Domain\PaymentContext.Domain.csproj", "{F34B9429-037F-4B65-9DE2-C63FB6F2B10F}"
EndProject
Project("{FAE04EC0-301F-11D3-BF4B-00C04F79EFBC}") = "PaymentContext.Shared", "PaymentContext.Shared\PaymentContext.Shared.csproj", "{C8CF4506-5B6A-475E-9E55-C77A78512FF9}"
EndProject
Project("{FAE04EC0-301F-11D3-BF4B-00C04F79EFBC}") = "PaymentContext.Tests", "PaymentContext.Tests\PaymentContext.Tests.csproj", "{BA7EB848-CB9B-4E9A-BBE4-570CC88237BE}"
EndProject
Global
	GlobalSection(SolutionConfigurationPlatforms) = preSolution
		Debug|Any CPU = Debug|Any CPU
		Debug|x64 = Debug|x64
		Debug|x86 = Debug|x86
		Release|Any CPU = Release|Any CPU
		Release|x64 = Release|x64
		Release|x86 = Release|x86
	EndGlobalSection
	GlobalSection(SolutionProperties) = preSolution
		HideSolutionNode = FALSE
	EndGlobalSection
	GlobalSection(ProjectConfigurationPlatforms) = postSolution
		{F34B9429-037F-4B65-9DE2-C63FB6F2B10F}.Debug|Any CPU.ActiveCfg = Debug|Any CPU
		{F34B9429-037F-4B65-9DE2-C63FB6F2B10F}.Debug|Any CPU.Build.0 = Debug|Any CPU
		{F34B9429-037F-4B65-9DE2-C63FB6F2B10F}.Debug|x64.ActiveCfg = Debug|Any CPU
		{F34B9429-037F-4B65-9DE2-C63FB6F2B10F}.Debug|x64.Build.0 = Debug|Any CPU
		{F34B9429-037F-4B65-9DE2-C63FB6F2B10F}.Debug|x86.ActiveCfg = Debug|Any CPU
		{F34B9429-037F-4B65-9DE2-C63FB6F2B10F}.Debug|x86.Build.0 = Debug|Any CPU
		{F34B9429-037F-4B65-9DE2-C63FB6F2B10F}.Release|Any CPU.ActiveCfg = Release|Any CPU
		{F34B9429-037F-4B65-9DE2-C63FB6F2B10F}.Release|Any CPU.Build.0 = Release|Any CPU
		{F34B9429-037F-4B65-9DE2-C63FB6F2B10F}.Release|x64.ActiveCfg = Release|Any CPU
		{F34B9429-037F-4B65-9DE2-C63FB6F2B10F}.Release|x64.Build.0 = Release|Any CPU
		{F34B9429-037F-4B65-9DE2-C63FB6F2B10F}.Release|x86.ActiveCfg = Release|Any CPU
		{F34B9429-037F-4B65-9DE2-C63FB6F2B10F}.Release|x86.Build.0 = Release|Any CPU
		{C8CF4506-5B6A-475E-9E55-C77A78512FF9}.Debug|Any CPU.ActiveCfg = Debug|Any CPU
		{C8CF4506-5B6A-475E-9E55-C77A78512FF9}.Debug|Any CPU.Build.0 = Debug|Any CPU
		{C8CF4506-5B6A-475E-9E55-C77A78512FF9}.Debug|x64.ActiveCfg = Debug|Any CPU
		{C8CF4506-5B6A-475E-9E55-C77A78512FF9}.Debug|x64.Build.0 = Debug|Any CPU
		{C8CF4506-5B6A-475E-9E55-C77A78512FF9}.Debug|x86.ActiveCfg = Debug|Any CPU
		{C8CF4506-5B6A-475E-9E55-C77A78512FF9}.Debug|x86.Build.0 = Debug|Any CPU
		{C8CF4506-5B6A-475E-9E55-C77A78512FF9}.Release|Any CPU.ActiveCfg = Release|Any CPU
		{C8CF4506-5B6A-475E-9E55-C77A78512FF9}.Release|Any CPU.Build.0 = Release|Any CPU
		{C8CF4506-5B6A-475E-9E55-C77A78512FF9}.Release|x64.ActiveCfg = Release|Any CPU
		{C8CF4506-5B6A-475E-9E55-C77A78512FF9}.Release|x64.Build.0 = Release|Any CPU
		{C8CF4506-5B6A-475E-9E55-C77A78512FF9}.Release|x86.ActiveCfg = Release|Any CPU
		{C8CF4506-5B6A-475E-9E55-C77A78512FF9}.Release|x86.Build.0 = Release|Any CPU
		{BA7EB848-CB9B-4E9A-BBE4-570CC88237BE}.Debug|Any CPU.ActiveCfg = Debug|Any CPU
		{BA7EB848-CB9B-4E9A-BBE4-570CC88237BE}.Debug|Any CPU.Build.0 = Debug|Any CPU
		{BA7EB848-CB9B-4E9A-BBE4-570CC88237BE}.Debug|x64.ActiveCfg = Debug|Any CPU
		{BA7EB848-CB9B-4E9A-BBE4-570CC88237BE}.Debug|x64.Build.0 = Debug|Any CPU
		{BA7EB848-CB9B-4E9A-BBE4-570CC88237BE}.Debug|x86.ActiveCfg = Debug|Any CPU
		{BA7EB848-CB9B-4E9A-BBE4-570CC88237BE}.Debug|x86.Build.0 = Debug|Any CPU
		{BA7EB848-CB9B-4E9A-BBE4-570CC88237BE}.Release|Any CPU.ActiveCfg = Release|Any CPU
		{BA7EB848-CB9B-4E9A-BBE4-570CC88237BE}.Release|Any CPU.Build.0 = Release|Any CPU
		{BA7EB848-CB9B-4E9A-BBE4-570CC88237BE}.Release|x64.ActiveCfg = Release|Any CPU
		{BA7EB848-CB9B-4E9A-BBE4-570CC88237BE}.Release|x64.Build.0 = Release|Any CPU
		{BA7EB848-CB9B-4E9A-BBE4-570CC88237BE}.Release|x86.ActiveCfg = Release|Any CPU
		{BA7EB848-CB9B-4E9A-BBE4-570CC88237BE}.Release|x86.Build.0 = Release|Any CPU
	EndGlobalSection
EndGlobal
